{
  "name": "mmm-network-signal",
  "version": "1.1.0",
  "lockfileVersion": 3,
  "requires": true,
  "packages": {
    "": {
      "name": "mmm-network-signal",
      "version": "1.1.0",
      "license": "MIT",
      "dependencies": {
        "ping": "^0.4.0"
      }
    },
    "node_modules/ping": {
      "version": "0.4.0",
      "resolved": "https://registry.npmjs.org/ping/-/ping-0.4.0.tgz",
      "integrity": "sha512-qymcd5Bwv74b9o7qzAduN8wffr3ba11ZLBjY6gPQR2LpQ++9He8keSRFSaBb3OcR4SvXCWhi9VbLD1ycUNhz9Q==",
      "dependencies": {
        "q": "1.x",
        "underscore": "^1.12.0"
      },
      "engines": {
        "node": ">=4.0.0"
      }
    },
    "node_modules/q": {
      "version": "1.5.1",
      "resolved": "https://registry.npmjs.org/q/-/q-1.5.1.tgz",
      "integrity": "sha1-fjL3W0E4EpHQRhHxvxQQmsAGUdc=",
      "engines": {
        "node": ">=0.6.0",
        "teleport": ">=0.2.0"
      }
    },
    "node_modules/underscore": {
      "version": "1.13.1",
      "resolved": "https://registry.npmjs.org/underscore/-/underscore-1.13.1.tgz",
      "integrity": "sha512-hzSoAVtJF+3ZtiFX0VgfFPHEDRm7Y/QPjGyNo4TVdnDTdft3tr8hEkD25a1jC+TjTuE7tkHGKkhwCgs9dgBB2g=="
    }
  }
}
